
Microsoft Visual Studio Solution File, Format Version 12.00
# Visual Studio Version 16
VisualStudioVersion = 16.0.29403.142
MinimumVisualStudioVersion = 10.0.40219.1
Project("{FAE04EC0-301F-11D3-BF4B-00C04F79EFBC}") = "BlaiseNisraCaseProcessor", "BlaiseNisraCaseProcessor\BlaiseNisraCaseProcessor.csproj", "{80AFB125-A799-46F8-9A45-F1EDF5496E15}"
EndProject
Project("{FAE04EC0-301F-11D3-BF4B-00C04F79EFBC}") = "BlaiseNisraCaseProcessor.Tests", "BlaiseNisraCaseProcessor.Tests\BlaiseNisraCaseProcessor.Tests.csproj", "{2D539782-C662-4F48-8DA8-05F5E48FFC79}"
EndProject
Project("{FAE04EC0-301F-11D3-BF4B-00C04F79EFBC}") = "BlaiseNisraCaseProcessor.Tests.Integration", "BlaiseNisraCaseProcessor.Tests.Integration\BlaiseNisraCaseProcessor.Tests.Integration.csproj", "{3C88C815-4C41-4E50-B947-B9354840E46A}"
EndProject
Global
	GlobalSection(SolutionConfigurationPlatforms) = preSolution
		Debug|Any CPU = Debug|Any CPU
		Debug|x64 = Debug|x64
		Debug|x86 = Debug|x86
		Release|Any CPU = Release|Any CPU
		Release|x64 = Release|x64
		Release|x86 = Release|x86
	EndGlobalSection
	GlobalSection(ProjectConfigurationPlatforms) = postSolution
		{80AFB125-A799-46F8-9A45-F1EDF5496E15}.Debug|Any CPU.ActiveCfg = Debug|Any CPU
		{80AFB125-A799-46F8-9A45-F1EDF5496E15}.Debug|Any CPU.Build.0 = Debug|Any CPU
		{80AFB125-A799-46F8-9A45-F1EDF5496E15}.Debug|x64.ActiveCfg = Debug|x64
		{80AFB125-A799-46F8-9A45-F1EDF5496E15}.Debug|x64.Build.0 = Debug|x64
		{80AFB125-A799-46F8-9A45-F1EDF5496E15}.Debug|x86.ActiveCfg = Debug|x86
		{80AFB125-A799-46F8-9A45-F1EDF5496E15}.Debug|x86.Build.0 = Debug|x86
		{80AFB125-A799-46F8-9A45-F1EDF5496E15}.Release|Any CPU.ActiveCfg = Release|Any CPU
		{80AFB125-A799-46F8-9A45-F1EDF5496E15}.Release|Any CPU.Build.0 = Release|Any CPU
		{80AFB125-A799-46F8-9A45-F1EDF5496E15}.Release|x64.ActiveCfg = Release|x64
		{80AFB125-A799-46F8-9A45-F1EDF5496E15}.Release|x64.Build.0 = Release|x64
		{80AFB125-A799-46F8-9A45-F1EDF5496E15}.Release|x86.ActiveCfg = Debug|x64
		{80AFB125-A799-46F8-9A45-F1EDF5496E15}.Release|x86.Build.0 = Debug|x64
		{2D539782-C662-4F48-8DA8-05F5E48FFC79}.Debug|Any CPU.ActiveCfg = Debug|Any CPU
		{2D539782-C662-4F48-8DA8-05F5E48FFC79}.Debug|Any CPU.Build.0 = Debug|Any CPU
		{2D539782-C662-4F48-8DA8-05F5E48FFC79}.Debug|x64.ActiveCfg = Debug|x64
		{2D539782-C662-4F48-8DA8-05F5E48FFC79}.Debug|x64.Build.0 = Debug|x64
		{2D539782-C662-4F48-8DA8-05F5E48FFC79}.Debug|x86.ActiveCfg = Debug|x86
		{2D539782-C662-4F48-8DA8-05F5E48FFC79}.Debug|x86.Build.0 = Debug|x86
		{2D539782-C662-4F48-8DA8-05F5E48FFC79}.Release|Any CPU.ActiveCfg = Release|Any CPU
		{2D539782-C662-4F48-8DA8-05F5E48FFC79}.Release|Any CPU.Build.0 = Release|Any CPU
		{2D539782-C662-4F48-8DA8-05F5E48FFC79}.Release|x64.ActiveCfg = Release|x64
		{2D539782-C662-4F48-8DA8-05F5E48FFC79}.Release|x64.Build.0 = Release|x64
		{2D539782-C662-4F48-8DA8-05F5E48FFC79}.Release|x86.ActiveCfg = Debug|x64
		{2D539782-C662-4F48-8DA8-05F5E48FFC79}.Release|x86.Build.0 = Debug|x64
		{3C88C815-4C41-4E50-B947-B9354840E46A}.Debug|Any CPU.ActiveCfg = Debug|Any CPU
		{3C88C815-4C41-4E50-B947-B9354840E46A}.Debug|Any CPU.Build.0 = Debug|Any CPU
		{3C88C815-4C41-4E50-B947-B9354840E46A}.Debug|x64.ActiveCfg = Debug|Any CPU
		{3C88C815-4C41-4E50-B947-B9354840E46A}.Debug|x64.Build.0 = Debug|Any CPU
		{3C88C815-4C41-4E50-B947-B9354840E46A}.Debug|x86.ActiveCfg = Debug|Any CPU
		{3C88C815-4C41-4E50-B947-B9354840E46A}.Debug|x86.Build.0 = Debug|Any CPU
		{3C88C815-4C41-4E50-B947-B9354840E46A}.Release|Any CPU.ActiveCfg = Release|Any CPU
		{3C88C815-4C41-4E50-B947-B9354840E46A}.Release|Any CPU.Build.0 = Release|Any CPU
		{3C88C815-4C41-4E50-B947-B9354840E46A}.Release|x64.ActiveCfg = Release|Any CPU
		{3C88C815-4C41-4E50-B947-B9354840E46A}.Release|x64.Build.0 = Release|Any CPU
		{3C88C815-4C41-4E50-B947-B9354840E46A}.Release|x86.ActiveCfg = Release|Any CPU
		{3C88C815-4C41-4E50-B947-B9354840E46A}.Release|x86.Build.0 = Release|Any CPU
	EndGlobalSection
	GlobalSection(SolutionProperties) = preSolution
		HideSolutionNode = FALSE
	EndGlobalSection
	GlobalSection(ExtensibilityGlobals) = postSolution
		SolutionGuid = {E0EFCBD3-45E6-4C8C-8298-74EEE0C877B3}
	EndGlobalSection
EndGlobal
